
Microsoft Visual Studio Solution File, Format Version 12.00
# Visual Studio Version 16
VisualStudioVersion = 16.0.32002.261
MinimumVisualStudioVersion = 10.0.40219.1
Project("{FAE04EC0-301F-11D3-BF4B-00C04F79EFBC}") = "ScaffoldDemo", "ScaffoldDemo\ScaffoldDemo.csproj", "{64190F9A-38CB-4C10-9438-9725B2BA0107}"
EndProject
Global
	GlobalSection(SolutionConfigurationPlatforms) = preSolution
		Debug|Any CPU = Debug|Any CPU
		Release|Any CPU = Release|Any CPU
	EndGlobalSection
	GlobalSection(ProjectConfigurationPlatforms) = postSolution
		{64190F9A-38CB-4C10-9438-9725B2BA0107}.Debug|Any CPU.ActiveCfg = Debug|Any CPU
		{64190F9A-38CB-4C10-9438-9725B2BA0107}.Debug|Any CPU.Build.0 = Debug|Any CPU
		{64190F9A-38CB-4C10-9438-9725B2BA0107}.Release|Any CPU.ActiveCfg = Release|Any CPU
		{64190F9A-38CB-4C10-9438-9725B2BA0107}.Release|Any CPU.Build.0 = Release|Any CPU
	EndGlobalSection
	GlobalSection(SolutionProperties) = preSolution
		HideSolutionNode = FALSE
	EndGlobalSection
	GlobalSection(ExtensibilityGlobals) = postSolution
		SolutionGuid = {3B7CD107-3ABD-4E75-86D0-993FC55312DB}
	EndGlobalSection
EndGlobal
